
Microsoft Visual Studio Solution File, Format Version 12.00
# Visual Studio 15
VisualStudioVersion = 15.0.26124.0
MinimumVisualStudioVersion = 15.0.26124.0
Project("{FAE04EC0-301F-11D3-BF4B-00C04F79EFBC}") = "Domain", "Domain\Domain.csproj", "{A18AE7EB-72B8-4F2B-93BA-B7E4B48CC852}"
EndProject
Project("{FAE04EC0-301F-11D3-BF4B-00C04F79EFBC}") = "Application", "Application\Application.csproj", "{C93E65D3-1923-43D1-9CD0-9E2C73D83E6B}"
EndProject
Project("{FAE04EC0-301F-11D3-BF4B-00C04F79EFBC}") = "Persistence", "Persistence\Persistence.csproj", "{1708AD3F-866B-4A7D-BBCE-A47F533A2FC6}"
EndProject
Project("{FAE04EC0-301F-11D3-BF4B-00C04F79EFBC}") = "API", "API\API.csproj", "{E6F00EDC-AE44-4F43-8F2E-7BCF2FA5CF9B}"
EndProject
Global
	GlobalSection(SolutionConfigurationPlatforms) = preSolution
		Debug|Any CPU = Debug|Any CPU
		Debug|x64 = Debug|x64
		Debug|x86 = Debug|x86
		Release|Any CPU = Release|Any CPU
		Release|x64 = Release|x64
		Release|x86 = Release|x86
	EndGlobalSection
	GlobalSection(SolutionProperties) = preSolution
		HideSolutionNode = FALSE
	EndGlobalSection
	GlobalSection(ProjectConfigurationPlatforms) = postSolution
		{A18AE7EB-72B8-4F2B-93BA-B7E4B48CC852}.Debug|Any CPU.ActiveCfg = Debug|Any CPU
		{A18AE7EB-72B8-4F2B-93BA-B7E4B48CC852}.Debug|Any CPU.Build.0 = Debug|Any CPU
		{A18AE7EB-72B8-4F2B-93BA-B7E4B48CC852}.Debug|x64.ActiveCfg = Debug|Any CPU
		{A18AE7EB-72B8-4F2B-93BA-B7E4B48CC852}.Debug|x64.Build.0 = Debug|Any CPU
		{A18AE7EB-72B8-4F2B-93BA-B7E4B48CC852}.Debug|x86.ActiveCfg = Debug|Any CPU
		{A18AE7EB-72B8-4F2B-93BA-B7E4B48CC852}.Debug|x86.Build.0 = Debug|Any CPU
		{A18AE7EB-72B8-4F2B-93BA-B7E4B48CC852}.Release|Any CPU.ActiveCfg = Release|Any CPU
		{A18AE7EB-72B8-4F2B-93BA-B7E4B48CC852}.Release|Any CPU.Build.0 = Release|Any CPU
		{A18AE7EB-72B8-4F2B-93BA-B7E4B48CC852}.Release|x64.ActiveCfg = Release|Any CPU
		{A18AE7EB-72B8-4F2B-93BA-B7E4B48CC852}.Release|x64.Build.0 = Release|Any CPU
		{A18AE7EB-72B8-4F2B-93BA-B7E4B48CC852}.Release|x86.ActiveCfg = Release|Any CPU
		{A18AE7EB-72B8-4F2B-93BA-B7E4B48CC852}.Release|x86.Build.0 = Release|Any CPU
		{C93E65D3-1923-43D1-9CD0-9E2C73D83E6B}.Debug|Any CPU.ActiveCfg = Debug|Any CPU
		{C93E65D3-1923-43D1-9CD0-9E2C73D83E6B}.Debug|Any CPU.Build.0 = Debug|Any CPU
		{C93E65D3-1923-43D1-9CD0-9E2C73D83E6B}.Debug|x64.ActiveCfg = Debug|Any CPU
		{C93E65D3-1923-43D1-9CD0-9E2C73D83E6B}.Debug|x64.Build.0 = Debug|Any CPU
		{C93E65D3-1923-43D1-9CD0-9E2C73D83E6B}.Debug|x86.ActiveCfg = Debug|Any CPU
		{C93E65D3-1923-43D1-9CD0-9E2C73D83E6B}.Debug|x86.Build.0 = Debug|Any CPU
		{C93E65D3-1923-43D1-9CD0-9E2C73D83E6B}.Release|Any CPU.ActiveCfg = Release|Any CPU
		{C93E65D3-1923-43D1-9CD0-9E2C73D83E6B}.Release|Any CPU.Build.0 = Release|Any CPU
		{C93E65D3-1923-43D1-9CD0-9E2C73D83E6B}.Release|x64.ActiveCfg = Release|Any CPU
		{C93E65D3-1923-43D1-9CD0-9E2C73D83E6B}.Release|x64.Build.0 = Release|Any CPU
		{C93E65D3-1923-43D1-9CD0-9E2C73D83E6B}.Release|x86.ActiveCfg = Release|Any CPU
		{C93E65D3-1923-43D1-9CD0-9E2C73D83E6B}.Release|x86.Build.0 = Release|Any CPU
		{1708AD3F-866B-4A7D-BBCE-A47F533A2FC6}.Debug|Any CPU.ActiveCfg = Debug|Any CPU
		{1708AD3F-866B-4A7D-BBCE-A47F533A2FC6}.Debug|Any CPU.Build.0 = Debug|Any CPU
		{1708AD3F-866B-4A7D-BBCE-A47F533A2FC6}.Debug|x64.ActiveCfg = Debug|Any CPU
		{1708AD3F-866B-4A7D-BBCE-A47F533A2FC6}.Debug|x64.Build.0 = Debug|Any CPU
		{1708AD3F-866B-4A7D-BBCE-A47F533A2FC6}.Debug|x86.ActiveCfg = Debug|Any CPU
		{1708AD3F-866B-4A7D-BBCE-A47F533A2FC6}.Debug|x86.Build.0 = Debug|Any CPU
		{1708AD3F-866B-4A7D-BBCE-A47F533A2FC6}.Release|Any CPU.ActiveCfg = Release|Any CPU
		{1708AD3F-866B-4A7D-BBCE-A47F533A2FC6}.Release|Any CPU.Build.0 = Release|Any CPU
		{1708AD3F-866B-4A7D-BBCE-A47F533A2FC6}.Release|x64.ActiveCfg = Release|Any CPU
		{1708AD3F-866B-4A7D-BBCE-A47F533A2FC6}.Release|x64.Build.0 = Release|Any CPU
		{1708AD3F-866B-4A7D-BBCE-A47F533A2FC6}.Release|x86.ActiveCfg = Release|Any CPU
		{1708AD3F-866B-4A7D-BBCE-A47F533A2FC6}.Release|x86.Build.0 = Release|Any CPU
		{E6F00EDC-AE44-4F43-8F2E-7BCF2FA5CF9B}.Debug|Any CPU.ActiveCfg = Debug|Any CPU
		{E6F00EDC-AE44-4F43-8F2E-7BCF2FA5CF9B}.Debug|Any CPU.Build.0 = Debug|Any CPU
		{E6F00EDC-AE44-4F43-8F2E-7BCF2FA5CF9B}.Debug|x64.ActiveCfg = Debug|Any CPU
		{E6F00EDC-AE44-4F43-8F2E-7BCF2FA5CF9B}.Debug|x64.Build.0 = Debug|Any CPU
		{E6F00EDC-AE44-4F43-8F2E-7BCF2FA5CF9B}.Debug|x86.ActiveCfg = Debug|Any CPU
		{E6F00EDC-AE44-4F43-8F2E-7BCF2FA5CF9B}.Debug|x86.Build.0 = Debug|Any CPU
		{E6F00EDC-AE44-4F43-8F2E-7BCF2FA5CF9B}.Release|Any CPU.ActiveCfg = Release|Any CPU
		{E6F00EDC-AE44-4F43-8F2E-7BCF2FA5CF9B}.Release|Any CPU.Build.0 = Release|Any CPU
		{E6F00EDC-AE44-4F43-8F2E-7BCF2FA5CF9B}.Release|x64.ActiveCfg = Release|Any CPU
		{E6F00EDC-AE44-4F43-8F2E-7BCF2FA5CF9B}.Release|x64.Build.0 = Release|Any CPU
		{E6F00EDC-AE44-4F43-8F2E-7BCF2FA5CF9B}.Release|x86.ActiveCfg = Release|Any CPU
		{E6F00EDC-AE44-4F43-8F2E-7BCF2FA5CF9B}.Release|x86.Build.0 = Release|Any CPU
	EndGlobalSection
EndGlobal
